
Microsoft Visual Studio Solution File, Format Version 12.00
# Visual Studio Version 17
VisualStudioVersion = 17.7.34031.279
MinimumVisualStudioVersion = 10.0.40219.1
Project("{9A19103F-16F7-4668-BE54-9A1E7A4F7556}") = "AZ204_WebAplicationSLQ", "WebApplication1\AZ204_WebAplicationSLQ.csproj", "{9CF7D8C7-A2FE-4B49-9DD3-6DE4A4788AEE}"
EndProject
Global
	GlobalSection(SolutionConfigurationPlatforms) = preSolution
		Debug|Any CPU = Debug|Any CPU
		Release|Any CPU = Release|Any CPU
	EndGlobalSection
	GlobalSection(ProjectConfigurationPlatforms) = postSolution
		{9CF7D8C7-A2FE-4B49-9DD3-6DE4A4788AEE}.Debug|Any CPU.ActiveCfg = Debug|Any CPU
		{9CF7D8C7-A2FE-4B49-9DD3-6DE4A4788AEE}.Debug|Any CPU.Build.0 = Debug|Any CPU
		{9CF7D8C7-A2FE-4B49-9DD3-6DE4A4788AEE}.Release|Any CPU.ActiveCfg = Release|Any CPU
		{9CF7D8C7-A2FE-4B49-9DD3-6DE4A4788AEE}.Release|Any CPU.Build.0 = Release|Any CPU
	EndGlobalSection
	GlobalSection(SolutionProperties) = preSolution
		HideSolutionNode = FALSE
	EndGlobalSection
	GlobalSection(ExtensibilityGlobals) = postSolution
		SolutionGuid = {AFAF2940-9255-4ED8-BE2B-7419C1A94E06}
	EndGlobalSection
EndGlobal
